
Microsoft Visual Studio Solution File, Format Version 12.00
# Visual Studio Version 16
VisualStudioVersion = 16.0.32228.343
MinimumVisualStudioVersion = 10.0.40219.1
Project("{FAE04EC0-301F-11D3-BF4B-00C04F79EFBC}") = "HW_FILE", "HW_FILE\HW_FILE.csproj", "{813EDD76-D4A8-488E-ADDD-7D6BB558EF86}"
EndProject
Global
	GlobalSection(SolutionConfigurationPlatforms) = preSolution
		Debug|Any CPU = Debug|Any CPU
		Release|Any CPU = Release|Any CPU
	EndGlobalSection
	GlobalSection(ProjectConfigurationPlatforms) = postSolution
		{813EDD76-D4A8-488E-ADDD-7D6BB558EF86}.Debug|Any CPU.ActiveCfg = Debug|Any CPU
		{813EDD76-D4A8-488E-ADDD-7D6BB558EF86}.Debug|Any CPU.Build.0 = Debug|Any CPU
		{813EDD76-D4A8-488E-ADDD-7D6BB558EF86}.Release|Any CPU.ActiveCfg = Release|Any CPU
		{813EDD76-D4A8-488E-ADDD-7D6BB558EF86}.Release|Any CPU.Build.0 = Release|Any CPU
	EndGlobalSection
	GlobalSection(SolutionProperties) = preSolution
		HideSolutionNode = FALSE
	EndGlobalSection
	GlobalSection(ExtensibilityGlobals) = postSolution
		SolutionGuid = {BC820F29-6729-4398-95FD-5FDEBEF05310}
	EndGlobalSection
EndGlobal
