
Microsoft Visual Studio Solution File, Format Version 12.00
# Visual Studio Version 16
VisualStudioVersion = 16.0.32228.343
MinimumVisualStudioVersion = 10.0.40219.1
Project("{FAE04EC0-301F-11D3-BF4B-00C04F79EFBC}") = "dz_04_02", "dz_04_02\dz_04_02.csproj", "{20872E76-3EF6-4ACE-8A9D-CDF93182F0D5}"
EndProject
Project("{FAE04EC0-301F-11D3-BF4B-00C04F79EFBC}") = "Jugged_arr", "Jugged_arr\Jugged_arr.csproj", "{21782F9E-0EC7-4DDE-B02A-B2CA942E1DCD}"
EndProject
Global
	GlobalSection(SolutionConfigurationPlatforms) = preSolution
		Debug|Any CPU = Debug|Any CPU
		Release|Any CPU = Release|Any CPU
	EndGlobalSection
	GlobalSection(ProjectConfigurationPlatforms) = postSolution
		{20872E76-3EF6-4ACE-8A9D-CDF93182F0D5}.Debug|Any CPU.ActiveCfg = Debug|Any CPU
		{20872E76-3EF6-4ACE-8A9D-CDF93182F0D5}.Debug|Any CPU.Build.0 = Debug|Any CPU
		{20872E76-3EF6-4ACE-8A9D-CDF93182F0D5}.Release|Any CPU.ActiveCfg = Release|Any CPU
		{20872E76-3EF6-4ACE-8A9D-CDF93182F0D5}.Release|Any CPU.Build.0 = Release|Any CPU
		{21782F9E-0EC7-4DDE-B02A-B2CA942E1DCD}.Debug|Any CPU.ActiveCfg = Debug|Any CPU
		{21782F9E-0EC7-4DDE-B02A-B2CA942E1DCD}.Debug|Any CPU.Build.0 = Debug|Any CPU
		{21782F9E-0EC7-4DDE-B02A-B2CA942E1DCD}.Release|Any CPU.ActiveCfg = Release|Any CPU
		{21782F9E-0EC7-4DDE-B02A-B2CA942E1DCD}.Release|Any CPU.Build.0 = Release|Any CPU
	EndGlobalSection
	GlobalSection(SolutionProperties) = preSolution
		HideSolutionNode = FALSE
	EndGlobalSection
	GlobalSection(ExtensibilityGlobals) = postSolution
		SolutionGuid = {5B7A15A0-D91A-4D82-B0BE-D9011F0E1A3A}
	EndGlobalSection
EndGlobal
